// !$*UTF8*$!
{
	archiveVersion = 1;
	classes = {
	};
	objectVersion = 48;
	objects = {

/* Begin PBXBuildFile section */
		19F51DA520156DA70066987D /* AppDelegate.swift in Sources */ = {isa = PBXBuildFile; fileRef = 19F51DA420156DA70066987D /* AppDelegate.swift */; };
		19F51DA720156DA70066987D /* ViewController.swift in Sources */ = {isa = PBXBuildFile; fileRef = 19F51DA620156DA70066987D /* ViewController.swift */; };
		19F51DAA20156DA70066987D /* Main.storyboard in Resources */ = {isa = PBXBuildFile; fileRef = 19F51DA820156DA70066987D /* Main.storyboard */; };
		19F51DAC20156DA70066987D /* Assets.xcassets in Resources */ = {isa = PBXBuildFile; fileRef = 19F51DAB20156DA70066987D /* Assets.xcassets */; };
		19F51DAF20156DA70066987D /* LaunchScreen.storyboard in Resources */ = {isa = PBXBuildFile; fileRef = 19F51DAD20156DA70066987D /* LaunchScreen.storyboard */; };
		19F51DB820156DDF0066987D /* sample.png in Resources */ = {isa = PBXBuildFile; fileRef = 19F51DB620156DDE0066987D /* sample.png */; };
		19F51DB920156DDF0066987D /* sample2.png in Resources */ = {isa = PBXBuildFile; fileRef = 19F51DB720156DDF0066987D /* sample2.png */; };
		19F51DBB201572640066987D /* white.png in Resources */ = {isa = PBXBuildFile; fileRef = 19F51DBA201572640066987D /* white.png */; };
/* End PBXBuildFile section */

/* Begin PBXFileReference section */
		19F51DA120156DA70066987D /* sampleAnimeTwinkle.app */ = {isa = PBXFileReference; explicitFileType = wrapper.application; includeInIndex = 0; path = sampleAnimeTwinkle.app; sourceTree = BUILT_PRODUCTS_DIR; };
		19F51DA420156DA70066987D /* AppDelegate.swift */ = {isa = PBXFileReference; lastKnownFileType = sourcecode.swift; path = AppDelegate.swift; sourceTree = "<group>"; };
		19F51DA620156DA70066987D /* ViewController.swift */ = {isa = PBXFileReference; lastKnownFileType = sourcecode.swift; path = ViewController.swift; sourceTree = "<group>"; };
		19F51DA920156DA70066987D /* Base */ = {isa = PBXFileReference; lastKnownFileType = file.storyboard; name = Base; path = Base.lproj/Main.storyboard; sourceTree = "<group>"; };
		19F51DAB20156DA70066987D /* Assets.xcassets */ = {isa = PBXFileReference; lastKnownFileType = folder.assetcatalog; path = Assets.xcassets; sourceTree = "<group>"; };
		19F51DAE20156DA70066987D /* Base */ = {isa = PBXFileReference; lastKnownFileType = file.storyboard; name = Base; path = Base.lproj/LaunchScreen.storyboard; sourceTree = "<group>"; };
		19F51DB020156DA70066987D /* Info.plist */ = {isa = PBXFileReference; lastKnownFileType = text.plist.xml; path = Info.plist; sourceTree = "<group>"; };
		19F51DB620156DDE0066987D /* sample.png */ = {isa = PBXFileReference; lastKnownFileType = image.png; path = sample.png; sourceTree = "<group>"; };
		19F51DB720156DDF0066987D /* sample2.png */ = {isa = PBXFileReference; lastKnownFileType = image.png; path = sample2.png; sourceTree = "<group>"; };
		19F51DBA201572640066987D /* white.png */ = {isa = PBXFileReference; lastKnownFileType = image.png; path = white.png; sourceTree = "<group>"; };
/* End PBXFileReference section */

/* Begin PBXFrameworksBuildPhase section */
		19F51D9E20156DA70066987D /* Frameworks */ = {
			isa = PBXFrameworksBuildPhase;
			buildActionMask = 2147483647;
			files = (
			);
			runOnlyForDeploymentPostprocessing = 0;
		};
/* End PBXFrameworksBuildPhase section */

/* Begin PBXGroup section */
		19F51D9820156DA70066987D = {
			isa = PBXGroup;
			children = (
				19F51DA320156DA70066987D /* sampleAnimeTwinkle */,
				19F51DA220156DA70066987D /* Products */,
			);
			sourceTree = "<group>";
		};
		19F51DA220156DA70066987D /* Products */ = {
			isa = PBXGroup;
			children = (
				19F51DA120156DA70066987D /* sampleAnimeTwinkle.app */,
			);
			name = Products;
			sourceTree = "<group>";
		};
		19F51DA320156DA70066987D /* sampleAnimeTwinkle */ = {
			isa = PBXGroup;
			children = (
				19F51DB620156DDE0066987D /* sample.png */,
				19F51DB720156DDF0066987D /* sample2.png */,
				19F51DBA201572640066987D /* white.png */,
				19F51DA420156DA70066987D /* AppDelegate.swift */,
				19F51DA620156DA70066987D /* ViewController.swift */,
				19F51DA820156DA70066987D /* Main.storyboard */,
				19F51DAB20156DA70066987D /* Assets.xcassets */,
				19F51DAD20156DA70066987D /* LaunchScreen.storyboard */,
				19F51DB020156DA70066987D /* Info.plist */,
			);
			path = sampleAnimeTwinkle;
			sourceTree = "<group>";
		};
/* End PBXGroup section */

/* Begin PBXNativeTarget section */
		19F51DA020156DA70066987D /* sampleAnimeTwinkle */ = {
			isa = PBXNativeTarget;
			buildConfigurationList = 19F51DB320156DA70066987D /* Build configuration list for PBXNativeTarget "sampleAnimeTwinkle" */;
			buildPhases = (
				19F51D9D20156DA70066987D /* Sources */,
				19F51D9E20156DA70066987D /* Frameworks */,
				19F51D9F20156DA70066987D /* Resources */,
			);
			buildRules = (
			);
			dependencies = (
			);
			name = sampleAnimeTwinkle;
			productName = sampleAnimeTwinkle;
			productReference = 19F51DA120156DA70066987D /* sampleAnimeTwinkle.app */;
			productType = "com.apple.product-type.application";
		};
/* End PBXNativeTarget section */

/* Begin PBXProject section */
		19F51D9920156DA70066987D /* Project object */ = {
			isa = PBXProject;
			attributes = {
				LastSwiftUpdateCheck = 0920;
				LastUpgradeCheck = 0920;
				ORGANIZATIONNAME = "Eriko Ichinohe";
				TargetAttributes = {
					19F51DA020156DA70066987D = {
						CreatedOnToolsVersion = 9.2;
						ProvisioningStyle = Automatic;
					};
				};
			};
			buildConfigurationList = 19F51D9C20156DA70066987D /* Build configuration list for PBXProject "sampleAnimeTwinkle" */;
			compatibilityVersion = "Xcode 8.0";
			developmentRegion = en;
			hasScannedForEncodings = 0;
			knownRegions = (
				en,
				Base,
			);
			mainGroup = 19F51D9820156DA70066987D;
			productRefGroup = 19F51DA220156DA70066987D /* Products */;
			projectDirPath = "";
			projectRoot = "";
			targets = (
				19F51DA020156DA70066987D /* sampleAnimeTwinkle */,
			);
		};
/* End PBXProject section */

/* Begin PBXResourcesBuildPhase section */
		19F51D9F20156DA70066987D /* Resources */ = {
			isa = PBXResourcesBuildPhase;
			buildActionMask = 2147483647;
			files = (
				19F51DAF20156DA70066987D /* LaunchScreen.storyboard in Resources */,
				19F51DAC20156DA70066987D /* Assets.xcassets in Resources */,
				19F51DB920156DDF0066987D /* sample2.png in Resources */,
				19F51DAA20156DA70066987D /* Main.storyboard in Resources */,
				19F51DB820156DDF0066987D /* sample.png in Resources */,
				19F51DBB201572640066987D /* white.png in Resources */,
			);
			runOnlyForDeploymentPostprocessing = 0;
		};
/* End PBXResourcesBuildPhase section */

/* Begin PBXSourcesBuildPhase section */
		19F51D9D20156DA70066987D /* Sources */ = {
			isa = PBXSourcesBuildPhase;
			buildActionMask = 2147483647;
			files = (
				19F51DA720156DA70066987D /* ViewController.swift in Sources */,
				19F51DA520156DA70066987D /* AppDelegate.swift in Sources */,
			);
			runOnlyForDeploymentPostprocessing = 0;
		};
/* End PBXSourcesBuildPhase section */

/* Begin PBXVariantGroup section */
		19F51DA820156DA70066987D /* Main.storyboard */ = {
			isa = PBXVariantGroup;
			children = (
				19F51DA920156DA70066987D /* Base */,
			);
			name = Main.storyboard;
			sourceTree = "<group>";
		};
		19F51DAD20156DA70066987D /* LaunchScreen.storyboard */ = {
			isa = PBXVariantGroup;
			children = (
				19F51DAE20156DA70066987D /* Base */,
			);
			name = LaunchScreen.storyboard;
			sourceTree = "<group>";
		};
/* End PBXVariantGroup section */

/* Begin XCBuildConfiguration section */
		19F51DB120156DA70066987D /* Debug */ = {
			isa = XCBuildConfiguration;
			buildSettings = {
				ALWAYS_SEARCH_USER_PATHS = NO;
				CLANG_ANALYZER_NONNULL = YES;
				CLANG_ANALYZER_NUMBER_OBJECT_CONVERSION = YES_AGGRESSIVE;
				CLANG_CXX_LANGUAGE_STANDARD = "gnu++14";
				CLANG_CXX_LIBRARY = "libc++";
				CLANG_ENABLE_MODULES = YES;
				CLANG_ENABLE_OBJC_ARC = YES;
				CLANG_WARN_BLOCK_CAPTURE_AUTORELEASING = YES;
				CLANG_WARN_BOOL_CONVERSION = YES;
				CLANG_WARN_COMMA = YES;
				CLANG_WARN_CONSTANT_CONVERSION = YES;
				CLANG_WARN_DIRECT_OBJC_ISA_USAGE = YES_ERROR;
				CLANG_WARN_DOCUMENTATION_COMMENTS = YES;
				CLANG_WARN_EMPTY_BODY = YES;
				CLANG_WARN_ENUM_CONVERSION = YES;
				CLANG_WARN_INFINITE_RECURSION = YES;
				CLANG_WARN_INT_CONVERSION = YES;
				CLANG_WARN_NON_LITERAL_NULL_CONVERSION = YES;
				CLANG_WARN_OBJC_LITERAL_CONVERSION = YES;
				CLANG_WARN_OBJC_ROOT_CLASS = YES_ERROR;
				CLANG_WARN_RANGE_LOOP_ANALYSIS = YES;
				CLANG_WARN_STRICT_PROTOTYPES = YES;
				CLANG_WARN_SUSPICIOUS_MOVE = YES;
				CLANG_WARN_UNGUARDED_AVAILABILITY = YES_AGGRESSIVE;
				CLANG_WARN_UNREACHABLE_CODE = YES;
				CLANG_WARN__DUPLICATE_METHOD_MATCH = YES;
				CODE_SIGN_IDENTITY = "iPhone Developer";
				COPY_PHASE_STRIP = NO;
				DEBUG_INFORMATION_FORMAT = dwarf;
				ENABLE_STRICT_OBJC_MSGSEND = YES;
				ENABLE_TESTABILITY = YES;
				GCC_C_LANGUAGE_STANDARD = gnu11;
				GCC_DYNAMIC_NO_PIC = NO;
				GCC_NO_COMMON_BLOCKS = YES;
				GCC_OPTIMIZATION_LEVEL = 0;
				GCC_PREPROCESSOR_DEFINITIONS = (
					"DEBUG=1",
					"$(inherited)",
				);
				GCC_WARN_64_TO_32_BIT_CONVERSION = YES;
				GCC_WARN_ABOUT_RETURN_TYPE = YES_ERROR;
				GCC_WARN_UNDECLARED_SELECTOR = YES;
				GCC_WARN_UNINITIALIZED_AUTOS = YES_AGGRESSIVE;
				GCC_WARN_UNUSED_FUNCTION = YES;
				GCC_WARN_UNUSED_VARIABLE = YES;
				IPHONEOS_DEPLOYMENT_TARGET = 11.2;
				MTL_ENABLE_DEBUG_INFO = YES;
				ONLY_ACTIVE_ARCH = YES;
				SDKROOT = iphoneos;
				SWIFT_ACTIVE_COMPILATION_CONDITIONS = DEBUG;
				SWIFT_OPTIMIZATION_LEVEL = "-Onone";
			};
			name = Debug;
		};
		19F51DB220156DA70066987D /* Release */ = {
			isa = XCBuildConfiguration;
			buildSettings = {
				ALWAYS_SEARCH_USER_PATHS = NO;
				CLANG_ANALYZER_NONNULL = YES;
				CLANG_ANALYZER_NUMBER_OBJECT_CONVERSION = YES_AGGRESSIVE;
				CLANG_CXX_LANGUAGE_STANDARD = "gnu++14";
				CLANG_CXX_LIBRARY = "libc++";
				CLANG_ENABLE_MODULES = YES;
				CLANG_ENABLE_OBJC_ARC = YES;
				CLANG_WARN_BLOCK_CAPTURE_AUTORELEASING = YES;
				CLANG_WARN_BOOL_CONVERSION = YES;
				CLANG_WARN_COMMA = YES;
				CLANG_WARN_CONSTANT_CONVERSION = YES;
				CLANG_WARN_DIRECT_OBJC_ISA_USAGE = YES_ERROR;
				CLANG_WARN_DOCUMENTATION_COMMENTS = YES;
				CLANG_WARN_EMPTY_BODY = YES;
				CLANG_WARN_ENUM_CONVERSION = YES;
				CLANG_WARN_INFINITE_RECURSION = YES;
				CLANG_WARN_INT_CONVERSION = YES;
				CLANG_WARN_NON_LITERAL_NULL_CONVERSION = YES;
				CLANG_WARN_OBJC_LITERAL_CONVERSION = YES;
				CLANG_WARN_OBJC_ROOT_CLASS = YES_ERROR;
				CLANG_WARN_RANGE_LOOP_ANALYSIS = YES;
				CLANG_WARN_STRICT_PROTOTYPES = YES;
				CLANG_WARN_SUSPICIOUS_MOVE = YES;
				CLANG_WARN_UNGUARDED_AVAILABILITY = YES_AGGRESSIVE;
				CLANG_WARN_UNREACHABLE_CODE = YES;
				CLANG_WARN__DUPLICATE_METHOD_MATCH = YES;
				CODE_SIGN_IDENTITY = "iPhone Developer";
				COPY_PHASE_STRIP = NO;
				DEBUG_INFORMATION_FORMAT = "dwarf-with-dsym";
				ENABLE_NS_ASSERTIONS = NO;
				ENABLE_STRICT_OBJC_MSGSEND = YES;
				GCC_C_LANGUAGE_STANDARD = gnu11;
				GCC_NO_COMMON_BLOCKS = YES;
				GCC_WARN_64_TO_32_BIT_CONVERSION = YES;
				GCC_WARN_ABOUT_RETURN_TYPE = YES_ERROR;
				GCC_WARN_UNDECLARED_SELECTOR = YES;
				GCC_WARN_UNINITIALIZED_AUTOS = YES_AGGRESSIVE;
				GCC_WARN_UNUSED_FUNCTION = YES;
				GCC_WARN_UNUSED_VARIABLE = YES;
				IPHONEOS_DEPLOYMENT_TARGET = 11.2;
				MTL_ENABLE_DEBUG_INFO = NO;
				SDKROOT = iphoneos;
				SWIFT_OPTIMIZATION_LEVEL = "-Owholemodule";
				VALIDATE_PRODUCT = YES;
			};
			name = Release;
		};
		19F51DB420156DA70066987D /* Debug */ = {
			isa = XCBuildConfiguration;
			buildSettings = {
				ASSETCATALOG_COMPILER_APPICON_NAME = AppIcon;
				CODE_SIGN_STYLE = Automatic;
				INFOPLIST_FILE = sampleAnimeTwinkle/Info.plist;
				LD_RUNPATH_SEARCH_PATHS = "$(inherited) @executable_path/Frameworks";
				PRODUCT_BUNDLE_IDENTIFIER = com.erikoichinohe.sampleAnimeTwinkle;
				PRODUCT_NAME = "$(TARGET_NAME)";
				SWIFT_VERSION = 4.0;
				TARGETED_DEVICE_FAMILY = "1,2";
			};
			name = Debug;
		};
		19F51DB520156DA70066987D /* Release */ = {
			isa = XCBuildConfiguration;
			buildSettings = {
				ASSETCATALOG_COMPILER_APPICON_NAME = AppIcon;
				CODE_SIGN_STYLE = Automatic;
				INFOPLIST_FILE = sampleAnimeTwinkle/Info.plist;
				LD_RUNPATH_SEARCH_PATHS = "$(inherited) @executable_path/Frameworks";
				PRODUCT_BUNDLE_IDENTIFIER = com.erikoichinohe.sampleAnimeTwinkle;
				PRODUCT_NAME = "$(TARGET_NAME)";
				SWIFT_VERSION = 4.0;
				TARGETED_DEVICE_FAMILY = "1,2";
			};
			name = Release;
		};
/* End XCBuildConfiguration section */

/* Begin XCConfigurationList section */
		19F51D9C20156DA70066987D /* Build configuration list for PBXProject "sampleAnimeTwinkle" */ = {
			isa = XCConfigurationList;
			buildConfigurations = (
				19F51DB120156DA70066987D /* Debug */,
				19F51DB220156DA70066987D /* Release */,
			);
			defaultConfigurationIsVisible = 0;
			defaultConfigurationName = Release;
		};
		19F51DB320156DA70066987D /* Build configuration list for PBXNativeTarget "sampleAnimeTwinkle" */ = {
			isa = XCConfigurationList;
			buildConfigurations = (
				19F51DB420156DA70066987D /* Debug */,
				19F51DB520156DA70066987D /* Release */,
			);
			defaultConfigurationIsVisible = 0;
			defaultConfigurationName = Release;
		};
/* End XCConfigurationList section */
	};
	rootObject = 19F51D9920156DA70066987D /* Project object */;
}
